// !$*UTF8*$!
{
	archiveVersion = 1;
	classes = {
	};
	objectVersion = 50;
	objects = {

/* Begin PBXBuildFile section */
		0719FE326D785103F5CD288C /* Pods_Virtual_Tourist.framework in Frameworks */ = {isa = PBXBuildFile; fileRef = 0E2A5AD5A33B91DD9ABE581A /* Pods_Virtual_Tourist.framework */; };
		5B26F24F20CF75D300991C42 /* AppDelegate.swift in Sources */ = {isa = PBXBuildFile; fileRef = 5B26F24E20CF75D300991C42 /* AppDelegate.swift */; };
		5B26F25120CF75D300991C42 /* MapVC.swift in Sources */ = {isa = PBXBuildFile; fileRef = 5B26F25020CF75D300991C42 /* MapVC.swift */; };
		5B26F25620CF75D500991C42 /* Assets.xcassets in Resources */ = {isa = PBXBuildFile; fileRef = 5B26F25520CF75D500991C42 /* Assets.xcassets */; };
		5B26F25920CF75D500991C42 /* LaunchScreen.storyboard in Resources */ = {isa = PBXBuildFile; fileRef = 5B26F25720CF75D500991C42 /* LaunchScreen.storyboard */; };
		5B26F26520CF7EE300991C42 /* Extenstions.swift in Sources */ = {isa = PBXBuildFile; fileRef = 5B26F26420CF7EE300991C42 /* Extenstions.swift */; };
		5BBA89E220CFA1B500522B26 /* DroppablePin.swift in Sources */ = {isa = PBXBuildFile; fileRef = 5BBA89E120CFA1B500522B26 /* DroppablePin.swift */; };
		5BBC887720E0CDC4002C5E3E /* ImageCell.swift in Sources */ = {isa = PBXBuildFile; fileRef = 5BBC887620E0CDC4002C5E3E /* ImageCell.swift */; };
		5BBC887920E0D444002C5E3E /* Constants.swift in Sources */ = {isa = PBXBuildFile; fileRef = 5BBC887820E0D444002C5E3E /* Constants.swift */; };
		5BBC887B20E0D793002C5E3E /* Photo.swift in Sources */ = {isa = PBXBuildFile; fileRef = 5BBC887A20E0D793002C5E3E /* Photo.swift */; };
		5BBC887D20E0ED87002C5E3E /* ImageController.swift in Sources */ = {isa = PBXBuildFile; fileRef = 5BBC887C20E0ED87002C5E3E /* ImageController.swift */; };
/* End PBXBuildFile section */

/* Begin PBXFileReference section */
		0E2A5AD5A33B91DD9ABE581A /* Pods_Virtual_Tourist.framework */ = {isa = PBXFileReference; explicitFileType = wrapper.framework; includeInIndex = 0; path = Pods_Virtual_Tourist.framework; sourceTree = BUILT_PRODUCTS_DIR; };
		5B26F24B20CF75D300991C42 /* Virtual Tourist.app */ = {isa = PBXFileReference; explicitFileType = wrapper.application; includeInIndex = 0; path = "Virtual Tourist.app"; sourceTree = BUILT_PRODUCTS_DIR; };
		5B26F24E20CF75D300991C42 /* AppDelegate.swift */ = {isa = PBXFileReference; lastKnownFileType = sourcecode.swift; path = AppDelegate.swift; sourceTree = "<group>"; };
		5B26F25020CF75D300991C42 /* MapVC.swift */ = {isa = PBXFileReference; lastKnownFileType = sourcecode.swift; path = MapVC.swift; sourceTree = "<group>"; };
		5B26F25520CF75D500991C42 /* Assets.xcassets */ = {isa = PBXFileReference; lastKnownFileType = folder.assetcatalog; path = Assets.xcassets; sourceTree = "<group>"; };
		5B26F25820CF75D500991C42 /* Base */ = {isa = PBXFileReference; lastKnownFileType = file.storyboard; name = Base; path = Base.lproj/LaunchScreen.storyboard; sourceTree = "<group>"; };
		5B26F25A20CF75D500991C42 /* Info.plist */ = {isa = PBXFileReference; lastKnownFileType = text.plist.xml; path = Info.plist; sourceTree = "<group>"; };
		5B26F26420CF7EE300991C42 /* Extenstions.swift */ = {isa = PBXFileReference; lastKnownFileType = sourcecode.swift; path = Extenstions.swift; sourceTree = "<group>"; };
		5BBA89E120CFA1B500522B26 /* DroppablePin.swift */ = {isa = PBXFileReference; lastKnownFileType = sourcecode.swift; path = DroppablePin.swift; sourceTree = "<group>"; };
		5BBC887620E0CDC4002C5E3E /* ImageCell.swift */ = {isa = PBXFileReference; lastKnownFileType = sourcecode.swift; path = ImageCell.swift; sourceTree = "<group>"; };
		5BBC887820E0D444002C5E3E /* Constants.swift */ = {isa = PBXFileReference; lastKnownFileType = sourcecode.swift; path = Constants.swift; sourceTree = "<group>"; };
		5BBC887A20E0D793002C5E3E /* Photo.swift */ = {isa = PBXFileReference; lastKnownFileType = sourcecode.swift; path = Photo.swift; sourceTree = "<group>"; };
		5BBC887C20E0ED87002C5E3E /* ImageController.swift */ = {isa = PBXFileReference; lastKnownFileType = sourcecode.swift; path = ImageController.swift; sourceTree = "<group>"; };
		87D579C87974AD0356D3A424 /* Pods-Virtual Tourist.release.xcconfig */ = {isa = PBXFileReference; includeInIndex = 1; lastKnownFileType = text.xcconfig; name = "Pods-Virtual Tourist.release.xcconfig"; path = "Pods/Target Support Files/Pods-Virtual Tourist/Pods-Virtual Tourist.release.xcconfig"; sourceTree = "<group>"; };
		C9B8A01FF4DA6BB0D5DD3D87 /* Pods-Virtual Tourist.debug.xcconfig */ = {isa = PBXFileReference; includeInIndex = 1; lastKnownFileType = text.xcconfig; name = "Pods-Virtual Tourist.debug.xcconfig"; path = "Pods/Target Support Files/Pods-Virtual Tourist/Pods-Virtual Tourist.debug.xcconfig"; sourceTree = "<group>"; };
/* End PBXFileReference section */

/* Begin PBXFrameworksBuildPhase section */
		5B26F24820CF75D300991C42 /* Frameworks */ = {
			isa = PBXFrameworksBuildPhase;
			buildActionMask = 2147483647;
			files = (
				0719FE326D785103F5CD288C /* Pods_Virtual_Tourist.framework in Frameworks */,
			);
			runOnlyForDeploymentPostprocessing = 0;
		};
/* End PBXFrameworksBuildPhase section */

/* Begin PBXGroup section */
		553AF9AE86C68FC32DFF5566 /* Frameworks */ = {
			isa = PBXGroup;
			children = (
				0E2A5AD5A33B91DD9ABE581A /* Pods_Virtual_Tourist.framework */,
			);
			name = Frameworks;
			sourceTree = "<group>";
		};
		5B26F24220CF75D300991C42 = {
			isa = PBXGroup;
			children = (
				5B26F24D20CF75D300991C42 /* Virtual Tourist */,
				5B26F24C20CF75D300991C42 /* Products */,
				AFE07C10970923F0127487DA /* Pods */,
				553AF9AE86C68FC32DFF5566 /* Frameworks */,
			);
			sourceTree = "<group>";
		};
		5B26F24C20CF75D300991C42 /* Products */ = {
			isa = PBXGroup;
			children = (
				5B26F24B20CF75D300991C42 /* Virtual Tourist.app */,
			);
			name = Products;
			sourceTree = "<group>";
		};
		5B26F24D20CF75D300991C42 /* Virtual Tourist */ = {
			isa = PBXGroup;
			children = (
				5B26F26320CF7ECD00991C42 /* Utilites */,
				5B26F26220CF7EC200991C42 /* Controller */,
				5B26F26120CF7EB500991C42 /* View */,
				5B26F26020CF7EAE00991C42 /* Model */,
				5B26F24E20CF75D300991C42 /* AppDelegate.swift */,
				5B26F25A20CF75D500991C42 /* Info.plist */,
				5B26F25520CF75D500991C42 /* Assets.xcassets */,
				5B26F25720CF75D500991C42 /* LaunchScreen.storyboard */,
			);
			path = "Virtual Tourist";
			sourceTree = "<group>";
		};
		5B26F26020CF7EAE00991C42 /* Model */ = {
			isa = PBXGroup;
			children = (
				5BBC887A20E0D793002C5E3E /* Photo.swift */,
			);
			path = Model;
			sourceTree = "<group>";
		};
		5B26F26120CF7EB500991C42 /* View */ = {
			isa = PBXGroup;
			children = (
				5BBA89E120CFA1B500522B26 /* DroppablePin.swift */,
				5BBC887620E0CDC4002C5E3E /* ImageCell.swift */,
			);
			path = View;
			sourceTree = "<group>";
		};
		5B26F26220CF7EC200991C42 /* Controller */ = {
			isa = PBXGroup;
			children = (
				5B26F25020CF75D300991C42 /* MapVC.swift */,
				5BBC887C20E0ED87002C5E3E /* ImageController.swift */,
			);
			path = Controller;
			sourceTree = "<group>";
		};
		5B26F26320CF7ECD00991C42 /* Utilites */ = {
			isa = PBXGroup;
			children = (
				5B26F26420CF7EE300991C42 /* Extenstions.swift */,
				5BBC887820E0D444002C5E3E /* Constants.swift */,
			);
			path = Utilites;
			sourceTree = "<group>";
		};
		AFE07C10970923F0127487DA /* Pods */ = {
			isa = PBXGroup;
			children = (
				C9B8A01FF4DA6BB0D5DD3D87 /* Pods-Virtual Tourist.debug.xcconfig */,
				87D579C87974AD0356D3A424 /* Pods-Virtual Tourist.release.xcconfig */,
			);
			name = Pods;
			sourceTree = "<group>";
		};
/* End PBXGroup section */

/* Begin PBXNativeTarget section */
		5B26F24A20CF75D300991C42 /* Virtual Tourist */ = {
			isa = PBXNativeTarget;
			buildConfigurationList = 5B26F25D20CF75D500991C42 /* Build configuration list for PBXNativeTarget "Virtual Tourist" */;
			buildPhases = (
				7151D6CC05E60A221FA7C05B /* [CP] Check Pods Manifest.lock */,
				5B26F24720CF75D300991C42 /* Sources */,
				5B26F24820CF75D300991C42 /* Frameworks */,
				5B26F24920CF75D300991C42 /* Resources */,
				31FDD79D4D4728F817DBB3AE /* [CP] Embed Pods Frameworks */,
			);
			buildRules = (
			);
			dependencies = (
			);
			name = "Virtual Tourist";
			productName = "Virtual Tourist";
			productReference = 5B26F24B20CF75D300991C42 /* Virtual Tourist.app */;
			productType = "com.apple.product-type.application";
		};
/* End PBXNativeTarget section */

/* Begin PBXProject section */
		5B26F24320CF75D300991C42 /* Project object */ = {
			isa = PBXProject;
			attributes = {
				LastSwiftUpdateCheck = 0940;
				LastUpgradeCheck = 0940;
				ORGANIZATIONNAME = SherifShokry;
				TargetAttributes = {
					5B26F24A20CF75D300991C42 = {
						CreatedOnToolsVersion = 9.4;
					};
				};
			};
			buildConfigurationList = 5B26F24620CF75D300991C42 /* Build configuration list for PBXProject "Virtual Tourist" */;
			compatibilityVersion = "Xcode 9.3";
			developmentRegion = en;
			hasScannedForEncodings = 0;
			knownRegions = (
				en,
				Base,
			);
			mainGroup = 5B26F24220CF75D300991C42;
			productRefGroup = 5B26F24C20CF75D300991C42 /* Products */;
			projectDirPath = "";
			projectRoot = "";
			targets = (
				5B26F24A20CF75D300991C42 /* Virtual Tourist */,
			);
		};
/* End PBXProject section */

/* Begin PBXResourcesBuildPhase section */
		5B26F24920CF75D300991C42 /* Resources */ = {
			isa = PBXResourcesBuildPhase;
			buildActionMask = 2147483647;
			files = (
				5B26F25920CF75D500991C42 /* LaunchScreen.storyboard in Resources */,
				5B26F25620CF75D500991C42 /* Assets.xcassets in Resources */,
			);
			runOnlyForDeploymentPostprocessing = 0;
		};
/* End PBXResourcesBuildPhase section */

/* Begin PBXShellScriptBuildPhase section */
		31FDD79D4D4728F817DBB3AE /* [CP] Embed Pods Frameworks */ = {
			isa = PBXShellScriptBuildPhase;
			buildActionMask = 2147483647;
			files = (
			);
			inputPaths = (
				"${SRCROOT}/Pods/Target Support Files/Pods-Virtual Tourist/Pods-Virtual Tourist-frameworks.sh",
				"${BUILT_PRODUCTS_DIR}/Alamofire/Alamofire.framework",
				"${BUILT_PRODUCTS_DIR}/AlamofireImage/AlamofireImage.framework",
				"${BUILT_PRODUCTS_DIR}/SwiftyJSON/SwiftyJSON.framework",
			);
			name = "[CP] Embed Pods Frameworks";
			outputPaths = (
				"${TARGET_BUILD_DIR}/${FRAMEWORKS_FOLDER_PATH}/Alamofire.framework",
				"${TARGET_BUILD_DIR}/${FRAMEWORKS_FOLDER_PATH}/AlamofireImage.framework",
				"${TARGET_BUILD_DIR}/${FRAMEWORKS_FOLDER_PATH}/SwiftyJSON.framework",
			);
			runOnlyForDeploymentPostprocessing = 0;
			shellPath = /bin/sh;
			shellScript = "\"${SRCROOT}/Pods/Target Support Files/Pods-Virtual Tourist/Pods-Virtual Tourist-frameworks.sh\"\n";
			showEnvVarsInLog = 0;
		};
		7151D6CC05E60A221FA7C05B /* [CP] Check Pods Manifest.lock */ = {
			isa = PBXShellScriptBuildPhase;
			buildActionMask = 2147483647;
			files = (
			);
			inputPaths = (
				"${PODS_PODFILE_DIR_PATH}/Podfile.lock",
				"${PODS_ROOT}/Manifest.lock",
			);
			name = "[CP] Check Pods Manifest.lock";
			outputPaths = (
				"$(DERIVED_FILE_DIR)/Pods-Virtual Tourist-checkManifestLockResult.txt",
			);
			runOnlyForDeploymentPostprocessing = 0;
			shellPath = /bin/sh;
			shellScript = "diff \"${PODS_PODFILE_DIR_PATH}/Podfile.lock\" \"${PODS_ROOT}/Manifest.lock\" > /dev/null\nif [ $? != 0 ] ; then\n    # print error to STDERR\n    echo \"error: The sandbox is not in sync with the Podfile.lock. Run 'pod install' or update your CocoaPods installation.\" >&2\n    exit 1\nfi\n# This output is used by Xcode 'outputs' to avoid re-running this script phase.\necho \"SUCCESS\" > \"${SCRIPT_OUTPUT_FILE_0}\"\n";
			showEnvVarsInLog = 0;
		};
/* End PBXShellScriptBuildPhase section */

/* Begin PBXSourcesBuildPhase section */
		5B26F24720CF75D300991C42 /* Sources */ = {
			isa = PBXSourcesBuildPhase;
			buildActionMask = 2147483647;
			files = (
				5BBC887B20E0D793002C5E3E /* Photo.swift in Sources */,
				5B26F25120CF75D300991C42 /* MapVC.swift in Sources */,
				5B26F26520CF7EE300991C42 /* Extenstions.swift in Sources */,
				5BBA89E220CFA1B500522B26 /* DroppablePin.swift in Sources */,
				5B26F24F20CF75D300991C42 /* AppDelegate.swift in Sources */,
				5BBC887720E0CDC4002C5E3E /* ImageCell.swift in Sources */,
				5BBC887920E0D444002C5E3E /* Constants.swift in Sources */,
				5BBC887D20E0ED87002C5E3E /* ImageController.swift in Sources */,
			);
			runOnlyForDeploymentPostprocessing = 0;
		};
/* End PBXSourcesBuildPhase section */

/* Begin PBXVariantGroup section */
		5B26F25720CF75D500991C42 /* LaunchScreen.storyboard */ = {
			isa = PBXVariantGroup;
			children = (
				5B26F25820CF75D500991C42 /* Base */,
			);
			name = LaunchScreen.storyboard;
			sourceTree = "<group>";
		};
/* End PBXVariantGroup section */

/* Begin XCBuildConfiguration section */
		5B26F25B20CF75D500991C42 /* Debug */ = {
			isa = XCBuildConfiguration;
			buildSettings = {
				ALWAYS_SEARCH_USER_PATHS = NO;
				CLANG_ANALYZER_NONNULL = YES;
				CLANG_ANALYZER_NUMBER_OBJECT_CONVERSION = YES_AGGRESSIVE;
				CLANG_CXX_LANGUAGE_STANDARD = "gnu++14";
				CLANG_CXX_LIBRARY = "libc++";
				CLANG_ENABLE_MODULES = YES;
				CLANG_ENABLE_OBJC_ARC = YES;
				CLANG_ENABLE_OBJC_WEAK = YES;
				CLANG_WARN_BLOCK_CAPTURE_AUTORELEASING = YES;
				CLANG_WARN_BOOL_CONVERSION = YES;
				CLANG_WARN_COMMA = YES;
				CLANG_WARN_CONSTANT_CONVERSION = YES;
				CLANG_WARN_DEPRECATED_OBJC_IMPLEMENTATIONS = YES;
				CLANG_WARN_DIRECT_OBJC_ISA_USAGE = YES_ERROR;
				CLANG_WARN_DOCUMENTATION_COMMENTS = YES;
				CLANG_WARN_EMPTY_BODY = YES;
				CLANG_WARN_ENUM_CONVERSION = YES;
				CLANG_WARN_INFINITE_RECURSION = YES;
				CLANG_WARN_INT_CONVERSION = YES;
				CLANG_WARN_NON_LITERAL_NULL_CONVERSION = YES;
				CLANG_WARN_OBJC_IMPLICIT_RETAIN_SELF = YES;
				CLANG_WARN_OBJC_LITERAL_CONVERSION = YES;
				CLANG_WARN_OBJC_ROOT_CLASS = YES_ERROR;
				CLANG_WARN_RANGE_LOOP_ANALYSIS = YES;
				CLANG_WARN_STRICT_PROTOTYPES = YES;
				CLANG_WARN_SUSPICIOUS_MOVE = YES;
				CLANG_WARN_UNGUARDED_AVAILABILITY = YES_AGGRESSIVE;
				CLANG_WARN_UNREACHABLE_CODE = YES;
				CLANG_WARN__DUPLICATE_METHOD_MATCH = YES;
				CODE_SIGN_IDENTITY = "iPhone Developer";
				COPY_PHASE_STRIP = NO;
				DEBUG_INFORMATION_FORMAT = dwarf;
				ENABLE_STRICT_OBJC_MSGSEND = YES;
				ENABLE_TESTABILITY = YES;
				GCC_C_LANGUAGE_STANDARD = gnu11;
				GCC_DYNAMIC_NO_PIC = NO;
				GCC_NO_COMMON_BLOCKS = YES;
				GCC_OPTIMIZATION_LEVEL = 0;
				GCC_PREPROCESSOR_DEFINITIONS = (
					"DEBUG=1",
					"$(inherited)",
				);
				GCC_WARN_64_TO_32_BIT_CONVERSION = YES;
				GCC_WARN_ABOUT_RETURN_TYPE = YES_ERROR;
				GCC_WARN_UNDECLARED_SELECTOR = YES;
				GCC_WARN_UNINITIALIZED_AUTOS = YES_AGGRESSIVE;
				GCC_WARN_UNUSED_FUNCTION = YES;
				GCC_WARN_UNUSED_VARIABLE = YES;
				IPHONEOS_DEPLOYMENT_TARGET = 11.4;
				MTL_ENABLE_DEBUG_INFO = YES;
				ONLY_ACTIVE_ARCH = YES;
				SDKROOT = iphoneos;
				SWIFT_ACTIVE_COMPILATION_CONDITIONS = DEBUG;
				SWIFT_OPTIMIZATION_LEVEL = "-Onone";
			};
			name = Debug;
		};
		5B26F25C20CF75D500991C42 /* Release */ = {
			isa = XCBuildConfiguration;
			buildSettings = {
				ALWAYS_SEARCH_USER_PATHS = NO;
				CLANG_ANALYZER_NONNULL = YES;
				CLANG_ANALYZER_NUMBER_OBJECT_CONVERSION = YES_AGGRESSIVE;
				CLANG_CXX_LANGUAGE_STANDARD = "gnu++14";
				CLANG_CXX_LIBRARY = "libc++";
				CLANG_ENABLE_MODULES = YES;
				CLANG_ENABLE_OBJC_ARC = YES;
				CLANG_ENABLE_OBJC_WEAK = YES;
				CLANG_WARN_BLOCK_CAPTURE_AUTORELEASING = YES;
				CLANG_WARN_BOOL_CONVERSION = YES;
				CLANG_WARN_COMMA = YES;
				CLANG_WARN_CONSTANT_CONVERSION = YES;
				CLANG_WARN_DEPRECATED_OBJC_IMPLEMENTATIONS = YES;
				CLANG_WARN_DIRECT_OBJC_ISA_USAGE = YES_ERROR;
				CLANG_WARN_DOCUMENTATION_COMMENTS = YES;
				CLANG_WARN_EMPTY_BODY = YES;
				CLANG_WARN_ENUM_CONVERSION = YES;
				CLANG_WARN_INFINITE_RECURSION = YES;
				CLANG_WARN_INT_CONVERSION = YES;
				CLANG_WARN_NON_LITERAL_NULL_CONVERSION = YES;
				CLANG_WARN_OBJC_IMPLICIT_RETAIN_SELF = YES;
				CLANG_WARN_OBJC_LITERAL_CONVERSION = YES;
				CLANG_WARN_OBJC_ROOT_CLASS = YES_ERROR;
				CLANG_WARN_RANGE_LOOP_ANALYSIS = YES;
				CLANG_WARN_STRICT_PROTOTYPES = YES;
				CLANG_WARN_SUSPICIOUS_MOVE = YES;
				CLANG_WARN_UNGUARDED_AVAILABILITY = YES_AGGRESSIVE;
				CLANG_WARN_UNREACHABLE_CODE = YES;
				CLANG_WARN__DUPLICATE_METHOD_MATCH = YES;
				CODE_SIGN_IDENTITY = "iPhone Developer";
				COPY_PHASE_STRIP = NO;
				DEBUG_INFORMATION_FORMAT = "dwarf-with-dsym";
				ENABLE_NS_ASSERTIONS = NO;
				ENABLE_STRICT_OBJC_MSGSEND = YES;
				GCC_C_LANGUAGE_STANDARD = gnu11;
				GCC_NO_COMMON_BLOCKS = YES;
				GCC_WARN_64_TO_32_BIT_CONVERSION = YES;
				GCC_WARN_ABOUT_RETURN_TYPE = YES_ERROR;
				GCC_WARN_UNDECLARED_SELECTOR = YES;
				GCC_WARN_UNINITIALIZED_AUTOS = YES_AGGRESSIVE;
				GCC_WARN_UNUSED_FUNCTION = YES;
				GCC_WARN_UNUSED_VARIABLE = YES;
				IPHONEOS_DEPLOYMENT_TARGET = 11.4;
				MTL_ENABLE_DEBUG_INFO = NO;
				SDKROOT = iphoneos;
				SWIFT_COMPILATION_MODE = wholemodule;
				SWIFT_OPTIMIZATION_LEVEL = "-O";
				VALIDATE_PRODUCT = YES;
			};
			name = Release;
		};
		5B26F25E20CF75D500991C42 /* Debug */ = {
			isa = XCBuildConfiguration;
			baseConfigurationReference = C9B8A01FF4DA6BB0D5DD3D87 /* Pods-Virtual Tourist.debug.xcconfig */;
			buildSettings = {
				ASSETCATALOG_COMPILER_APPICON_NAME = AppIcon;
				CODE_SIGN_STYLE = Automatic;
				INFOPLIST_FILE = "Virtual Tourist/Info.plist";
				LD_RUNPATH_SEARCH_PATHS = (
					"$(inherited)",
					"@executable_path/Frameworks",
				);
				PRODUCT_BUNDLE_IDENTIFIER = "com.shokry.Virtual-Tourist";
				PRODUCT_NAME = "$(TARGET_NAME)";
				SWIFT_VERSION = 4.0;
				TARGETED_DEVICE_FAMILY = "1,2";
			};
			name = Debug;
		};
		5B26F25F20CF75D500991C42 /* Release */ = {
			isa = XCBuildConfiguration;
			baseConfigurationReference = 87D579C87974AD0356D3A424 /* Pods-Virtual Tourist.release.xcconfig */;
			buildSettings = {
				ASSETCATALOG_COMPILER_APPICON_NAME = AppIcon;
				CODE_SIGN_STYLE = Automatic;
				INFOPLIST_FILE = "Virtual Tourist/Info.plist";
				LD_RUNPATH_SEARCH_PATHS = (
					"$(inherited)",
					"@executable_path/Frameworks",
				);
				PRODUCT_BUNDLE_IDENTIFIER = "com.shokry.Virtual-Tourist";
				PRODUCT_NAME = "$(TARGET_NAME)";
				SWIFT_VERSION = 4.0;
				TARGETED_DEVICE_FAMILY = "1,2";
			};
			name = Release;
		};
/* End XCBuildConfiguration section */

/* Begin XCConfigurationList section */
		5B26F24620CF75D300991C42 /* Build configuration list for PBXProject "Virtual Tourist" */ = {
			isa = XCConfigurationList;
			buildConfigurations = (
				5B26F25B20CF75D500991C42 /* Debug */,
				5B26F25C20CF75D500991C42 /* Release */,
			);
			defaultConfigurationIsVisible = 0;
			defaultConfigurationName = Release;
		};
		5B26F25D20CF75D500991C42 /* Build configuration list for PBXNativeTarget "Virtual Tourist" */ = {
			isa = XCConfigurationList;
			buildConfigurations = (
				5B26F25E20CF75D500991C42 /* Debug */,
				5B26F25F20CF75D500991C42 /* Release */,
			);
			defaultConfigurationIsVisible = 0;
			defaultConfigurationName = Release;
		};
/* End XCConfigurationList section */
	};
	rootObject = 5B26F24320CF75D300991C42 /* Project object */;
}
